github.com/go-chi/chi/v5 v5.0.12 h1:9euLV5sTrTNTRUU9POmDUvfxyj6LAABLUcEWO+JJb4s=
github.com/go-chi/chi/v5 v5.0.12/go.mod h1:DslCQbL2OYiznFReuXYUmQ2hGd1aDpCnlMNITLSKoi8=
github.com/lampctl/go-sse v1.1.4 h1:tnOnE4JmKxrojaj57OwFEKRegXkHZuQHYcuIPkNApII=
github.com/lampctl/go-sse v1.1.4/go.mod h1:pQlyamsmAVReZl+3aRITZRqKTAN9FQmIP27cL+LB17M=
